
Microsoft Visual Studio Solution File, Format Version 10.00
# Visual C++ Express 2008
Project("{8BC9CEB8-8B4A-11D0-8D11-00A0C91BC942}") = "csplit_test_error", "csplit_test_error\csplit_test_error.vcproj", "{2A1F5BAF-565B-4B97-A211-37A4969EBF66}"
	ProjectSection(ProjectDependencies) = postProject
		{BB5526FB-0C7E-457A-B76C-1436981E247C} = {BB5526FB-0C7E-457A-B76C-1436981E247C}
		{20FFC4C9-F44C-45F6-A827-4819B4DF3C9F} = {20FFC4C9-F44C-45F6-A827-4819B4DF3C9F}
	EndProjectSection
EndProject
Project("{8BC9CEB8-8B4A-11D0-8D11-00A0C91BC942}") = "csplit_test_narrow_string", "csplit_test_narrow_string\csplit_test_narrow_string.vcproj", "{8F9AADAC-A7C3-461A-B9C3-CF10B250FC53}"
	ProjectSection(ProjectDependencies) = postProject
		{BB5526FB-0C7E-457A-B76C-1436981E247C} = {BB5526FB-0C7E-457A-B76C-1436981E247C}
		{BD3A95FA-A3DE-4B79-A889-A7E5ECA4B69C} = {BD3A95FA-A3DE-4B79-A889-A7E5ECA4B69C}
		{20FFC4C9-F44C-45F6-A827-4819B4DF3C9F} = {20FFC4C9-F44C-45F6-A827-4819B4DF3C9F}
	EndProjectSection
EndProject
Project("{8BC9CEB8-8B4A-11D0-8D11-00A0C91BC942}") = "csplit_test_narrow_split_string", "csplit_test_narrow_split_string\csplit_test_narrow_split_string.vcproj", "{4E6C7C70-50A9-450E-AA77-61DA7F356C99}"
	ProjectSection(ProjectDependencies) = postProject
		{BB5526FB-0C7E-457A-B76C-1436981E247C} = {BB5526FB-0C7E-457A-B76C-1436981E247C}
		{BD3A95FA-A3DE-4B79-A889-A7E5ECA4B69C} = {BD3A95FA-A3DE-4B79-A889-A7E5ECA4B69C}
		{20FFC4C9-F44C-45F6-A827-4819B4DF3C9F} = {20FFC4C9-F44C-45F6-A827-4819B4DF3C9F}
	EndProjectSection
EndProject
Project("{8BC9CEB8-8B4A-11D0-8D11-00A0C91BC942}") = "csplit_test_support", "csplit_test_support\csplit_test_support.vcproj", "{39C27289-C031-47FC-B842-6FADD5536926}"
	ProjectSection(ProjectDependencies) = postProject
		{BB5526FB-0C7E-457A-B76C-1436981E247C} = {BB5526FB-0C7E-457A-B76C-1436981E247C}
		{20FFC4C9-F44C-45F6-A827-4819B4DF3C9F} = {20FFC4C9-F44C-45F6-A827-4819B4DF3C9F}
	EndProjectSection
EndProject
Project("{8BC9CEB8-8B4A-11D0-8D11-00A0C91BC942}") = "csplit_test_wide_string", "csplit_test_wide_string\csplit_test_wide_string.vcproj", "{9EE6D24B-48A8-45C0-B799-87E75F43808F}"
	ProjectSection(ProjectDependencies) = postProject
		{BB5526FB-0C7E-457A-B76C-1436981E247C} = {BB5526FB-0C7E-457A-B76C-1436981E247C}
		{BD3A95FA-A3DE-4B79-A889-A7E5ECA4B69C} = {BD3A95FA-A3DE-4B79-A889-A7E5ECA4B69C}
		{20FFC4C9-F44C-45F6-A827-4819B4DF3C9F} = {20FFC4C9-F44C-45F6-A827-4819B4DF3C9F}
	EndProjectSection
EndProject
Project("{8BC9CEB8-8B4A-11D0-8D11-00A0C91BC942}") = "csplit_test_wide_split_string", "csplit_test_wide_split_string\csplit_test_wide_split_string.vcproj", "{EA348EA3-6970-4CBB-8ABD-F4EA6F844B70}"
	ProjectSection(ProjectDependencies) = postProject
		{BB5526FB-0C7E-457A-B76C-1436981E247C} = {BB5526FB-0C7E-457A-B76C-1436981E247C}
		{BD3A95FA-A3DE-4B79-A889-A7E5ECA4B69C} = {BD3A95FA-A3DE-4B79-A889-A7E5ECA4B69C}
		{20FFC4C9-F44C-45F6-A827-4819B4DF3C9F} = {20FFC4C9-F44C-45F6-A827-4819B4DF3C9F}
	EndProjectSection
EndProject
Project("{8BC9CEB8-8B4A-11D0-8D11-00A0C91BC942}") = "libcstring", "libcstring\libcstring.vcproj", "{20FFC4C9-F44C-45F6-A827-4819B4DF3C9F}"
EndProject
Project("{8BC9CEB8-8B4A-11D0-8D11-00A0C91BC942}") = "libcerror", "libcerror\libcerror.vcproj", "{BD3A95FA-A3DE-4B79-A889-A7E5ECA4B69C}"
	ProjectSection(ProjectDependencies) = postProject
		{20FFC4C9-F44C-45F6-A827-4819B4DF3C9F} = {20FFC4C9-F44C-45F6-A827-4819B4DF3C9F}
	EndProjectSection
EndProject
Project("{8BC9CEB8-8B4A-11D0-8D11-00A0C91BC942}") = "libcsplit", "libcsplit\libcsplit.vcproj", "{BB5526FB-0C7E-457A-B76C-1436981E247C}"
	ProjectSection(ProjectDependencies) = postProject
		{20FFC4C9-F44C-45F6-A827-4819B4DF3C9F} = {20FFC4C9-F44C-45F6-A827-4819B4DF3C9F}
		{BD3A95FA-A3DE-4B79-A889-A7E5ECA4B69C} = {BD3A95FA-A3DE-4B79-A889-A7E5ECA4B69C}
	EndProjectSection
EndProject
Global
	GlobalSection(SolutionConfigurationPlatforms) = preSolution
		Release|Win32 = Release|Win32
		VSDebug|Win32 = VSDebug|Win32
	EndGlobalSection
	GlobalSection(ProjectConfigurationPlatforms) = postSolution
		{2A1F5BAF-565B-4B97-A211-37A4969EBF66}.Release|Win32.ActiveCfg = Release|Win32
		{2A1F5BAF-565B-4B97-A211-37A4969EBF66}.Release|Win32.Build.0 = Release|Win32
		{2A1F5BAF-565B-4B97-A211-37A4969EBF66}.VSDebug|Win32.ActiveCfg = VSDebug|Win32
		{2A1F5BAF-565B-4B97-A211-37A4969EBF66}.VSDebug|Win32.Build.0 = VSDebug|Win32
		{8F9AADAC-A7C3-461A-B9C3-CF10B250FC53}.Release|Win32.ActiveCfg = Release|Win32
		{8F9AADAC-A7C3-461A-B9C3-CF10B250FC53}.Release|Win32.Build.0 = Release|Win32
		{8F9AADAC-A7C3-461A-B9C3-CF10B250FC53}.VSDebug|Win32.ActiveCfg = VSDebug|Win32
		{8F9AADAC-A7C3-461A-B9C3-CF10B250FC53}.VSDebug|Win32.Build.0 = VSDebug|Win32
		{4E6C7C70-50A9-450E-AA77-61DA7F356C99}.Release|Win32.ActiveCfg = Release|Win32
		{4E6C7C70-50A9-450E-AA77-61DA7F356C99}.Release|Win32.Build.0 = Release|Win32
		{4E6C7C70-50A9-450E-AA77-61DA7F356C99}.VSDebug|Win32.ActiveCfg = VSDebug|Win32
		{4E6C7C70-50A9-450E-AA77-61DA7F356C99}.VSDebug|Win32.Build.0 = VSDebug|Win32
		{39C27289-C031-47FC-B842-6FADD5536926}.Release|Win32.ActiveCfg = Release|Win32
		{39C27289-C031-47FC-B842-6FADD5536926}.Release|Win32.Build.0 = Release|Win32
		{39C27289-C031-47FC-B842-6FADD5536926}.VSDebug|Win32.ActiveCfg = VSDebug|Win32
		{39C27289-C031-47FC-B842-6FADD5536926}.VSDebug|Win32.Build.0 = VSDebug|Win32
		{9EE6D24B-48A8-45C0-B799-87E75F43808F}.Release|Win32.ActiveCfg = Release|Win32
		{9EE6D24B-48A8-45C0-B799-87E75F43808F}.Release|Win32.Build.0 = Release|Win32
		{9EE6D24B-48A8-45C0-B799-87E75F43808F}.VSDebug|Win32.ActiveCfg = VSDebug|Win32
		{9EE6D24B-48A8-45C0-B799-87E75F43808F}.VSDebug|Win32.Build.0 = VSDebug|Win32
		{EA348EA3-6970-4CBB-8ABD-F4EA6F844B70}.Release|Win32.ActiveCfg = Release|Win32
		{EA348EA3-6970-4CBB-8ABD-F4EA6F844B70}.Release|Win32.Build.0 = Release|Win32
		{EA348EA3-6970-4CBB-8ABD-F4EA6F844B70}.VSDebug|Win32.ActiveCfg = VSDebug|Win32
		{EA348EA3-6970-4CBB-8ABD-F4EA6F844B70}.VSDebug|Win32.Build.0 = VSDebug|Win32
		{20FFC4C9-F44C-45F6-A827-4819B4DF3C9F}.Release|Win32.ActiveCfg = Release|Win32
		{20FFC4C9-F44C-45F6-A827-4819B4DF3C9F}.Release|Win32.Build.0 = Release|Win32
		{20FFC4C9-F44C-45F6-A827-4819B4DF3C9F}.VSDebug|Win32.ActiveCfg = VSDebug|Win32
		{20FFC4C9-F44C-45F6-A827-4819B4DF3C9F}.VSDebug|Win32.Build.0 = VSDebug|Win32
		{BD3A95FA-A3DE-4B79-A889-A7E5ECA4B69C}.Release|Win32.ActiveCfg = Release|Win32
		{BD3A95FA-A3DE-4B79-A889-A7E5ECA4B69C}.Release|Win32.Build.0 = Release|Win32
		{BD3A95FA-A3DE-4B79-A889-A7E5ECA4B69C}.VSDebug|Win32.ActiveCfg = VSDebug|Win32
		{BD3A95FA-A3DE-4B79-A889-A7E5ECA4B69C}.VSDebug|Win32.Build.0 = VSDebug|Win32
		{BB5526FB-0C7E-457A-B76C-1436981E247C}.Release|Win32.ActiveCfg = Release|Win32
		{BB5526FB-0C7E-457A-B76C-1436981E247C}.Release|Win32.Build.0 = Release|Win32
		{BB5526FB-0C7E-457A-B76C-1436981E247C}.VSDebug|Win32.ActiveCfg = VSDebug|Win32
		{BB5526FB-0C7E-457A-B76C-1436981E247C}.VSDebug|Win32.Build.0 = VSDebug|Win32
	EndGlobalSection
	GlobalSection(SolutionProperties) = preSolution
		HideSolutionNode = FALSE
	EndGlobalSection
EndGlobal
